{
  "version": "4",
  "specifiers": {
    "npm:katex@~0.16.45": "0.16.45"
  },
  "npm": {
    "commander@8.3.0": {
      "integrity": "sha512-OkTL9umf+He2DZkUq8f8J9of7yL6RJKI24dVITBmNfZBmri9zYZQrKkuXiKhyfPSu8tUhnVBB1iKXevvnlR4Ww=="
    },
    "katex@0.16.45": {
      "integrity": "sha512-pQpZbdBu7wCTmQUh7ufPmLr0pFoObnGUoL/yhtwJDgmmQpbkg/0HSVti25Fu4rmd1oCR6NGWe9vqTWuWv3GcNA==",
      "dependencies": [
        "commander"
      ]
    }
  },
  "workspace": {
    "dependencies": [
      "npm:katex@~0.16.45"
    ]
  }
}
